// !$*UTF8*$!
{
	archiveVersion = 1;
	classes = {
	};
	objectVersion = 56;
	objects = {

/* Begin PBXBuildFile section */
		1D7D761B2A1E570200D5B12E /* Exercise4Main.swift in Sources */ = {isa = PBXBuildFile; fileRef = 1D7D761A2A1E570200D5B12E /* Exercise4Main.swift */; };
		1D7D761D2A1E572D00D5B12E /* JackTokenizer.swift in Sources */ = {isa = PBXBuildFile; fileRef = 1D7D761C2A1E572D00D5B12E /* JackTokenizer.swift */; };
		1D7D761F2A1E575200D5B12E /* CompilationEngine.swift in Sources */ = {isa = PBXBuildFile; fileRef = 1D7D761E2A1E575200D5B12E /* CompilationEngine.swift */; };
		1D7D76212A1E579100D5B12E /* JackAnalyzer.swift in Sources */ = {isa = PBXBuildFile; fileRef = 1D7D76202A1E579100D5B12E /* JackAnalyzer.swift */; };
		1D84EFE92A1E517400742048 /* main.swift in Sources */ = {isa = PBXBuildFile; fileRef = 1D84EFE82A1E517400742048 /* main.swift */; };
		1D84EFF52A1E524600742048 /* CodeWriter.swift in Sources */ = {isa = PBXBuildFile; fileRef = 1D84EFF12A1E524600742048 /* CodeWriter.swift */; };
		1D84EFF62A1E524600742048 /* FileException.swift in Sources */ = {isa = PBXBuildFile; fileRef = 1D84EFF22A1E524600742048 /* FileException.swift */; };
		1D84EFF72A1E524600742048 /* Exercise1Main.swift in Sources */ = {isa = PBXBuildFile; fileRef = 1D84EFF32A1E524600742048 /* Exercise1Main.swift */; };
		1D84EFF82A1E524600742048 /* Parser.swift in Sources */ = {isa = PBXBuildFile; fileRef = 1D84EFF42A1E524600742048 /* Parser.swift */; };
/* End PBXBuildFile section */

/* Begin PBXCopyFilesBuildPhase section */
		1D84EFE32A1E517400742048 /* CopyFiles */ = {
			isa = PBXCopyFilesBuildPhase;
			buildActionMask = 2147483647;
			dstPath = /usr/share/man/man1/;
			dstSubfolderSpec = 0;
			files = (
			);
			runOnlyForDeploymentPostprocessing = 1;
		};
/* End PBXCopyFilesBuildPhase section */

/* Begin PBXFileReference section */
		1D7D761A2A1E570200D5B12E /* Exercise4Main.swift */ = {isa = PBXFileReference; lastKnownFileType = sourcecode.swift; path = Exercise4Main.swift; sourceTree = "<group>"; };
		1D7D761C2A1E572D00D5B12E /* JackTokenizer.swift */ = {isa = PBXFileReference; lastKnownFileType = sourcecode.swift; path = JackTokenizer.swift; sourceTree = "<group>"; };
		1D7D761E2A1E575200D5B12E /* CompilationEngine.swift */ = {isa = PBXFileReference; lastKnownFileType = sourcecode.swift; path = CompilationEngine.swift; sourceTree = "<group>"; };
		1D7D76202A1E579100D5B12E /* JackAnalyzer.swift */ = {isa = PBXFileReference; lastKnownFileType = sourcecode.swift; path = JackAnalyzer.swift; sourceTree = "<group>"; };
		1D84EFE52A1E517400742048 /* Exercises */ = {isa = PBXFileReference; explicitFileType = "compiled.mach-o.executable"; includeInIndex = 0; path = Exercises; sourceTree = BUILT_PRODUCTS_DIR; };
		1D84EFE82A1E517400742048 /* main.swift */ = {isa = PBXFileReference; lastKnownFileType = sourcecode.swift; path = main.swift; sourceTree = "<group>"; };
		1D84EFF12A1E524600742048 /* CodeWriter.swift */ = {isa = PBXFileReference; fileEncoding = 4; lastKnownFileType = sourcecode.swift; path = CodeWriter.swift; sourceTree = "<group>"; };
		1D84EFF22A1E524600742048 /* FileException.swift */ = {isa = PBXFileReference; fileEncoding = 4; lastKnownFileType = sourcecode.swift; path = FileException.swift; sourceTree = "<group>"; };
		1D84EFF32A1E524600742048 /* Exercise1Main.swift */ = {isa = PBXFileReference; fileEncoding = 4; lastKnownFileType = sourcecode.swift; path = Exercise1Main.swift; sourceTree = "<group>"; };
		1D84EFF42A1E524600742048 /* Parser.swift */ = {isa = PBXFileReference; fileEncoding = 4; lastKnownFileType = sourcecode.swift; path = Parser.swift; sourceTree = "<group>"; };
/* End PBXFileReference section */

/* Begin PBXFrameworksBuildPhase section */
		1D84EFE22A1E517400742048 /* Frameworks */ = {
			isa = PBXFrameworksBuildPhase;
			buildActionMask = 2147483647;
			files = (
			);
			runOnlyForDeploymentPostprocessing = 0;
		};
/* End PBXFrameworksBuildPhase section */

/* Begin PBXGroup section */
		1D84EFDC2A1E517400742048 = {
			isa = PBXGroup;
			children = (
				1D84EFEF2A1E51B000742048 /* Exercise_1_and_2 */,
				1D84EFF02A1E51C500742048 /* Exercise_4 */,
				1D84EFE72A1E517400742048 /* Exercises */,
				1D84EFE62A1E517400742048 /* Products */,
			);
			sourceTree = "<group>";
		};
		1D84EFE62A1E517400742048 /* Products */ = {
			isa = PBXGroup;
			children = (
				1D84EFE52A1E517400742048 /* Exercises */,
			);
			name = Products;
			sourceTree = "<group>";
		};
		1D84EFE72A1E517400742048 /* Exercises */ = {
			isa = PBXGroup;
			children = (
				1D84EFE82A1E517400742048 /* main.swift */,
			);
			path = Exercises;
			sourceTree = "<group>";
		};
		1D84EFEF2A1E51B000742048 /* Exercise_1_and_2 */ = {
			isa = PBXGroup;
			children = (
				1D84EFF12A1E524600742048 /* CodeWriter.swift */,
				1D84EFF22A1E524600742048 /* FileException.swift */,
				1D84EFF32A1E524600742048 /* Exercise1Main.swift */,
				1D84EFF42A1E524600742048 /* Parser.swift */,
			);
			path = Exercise_1_and_2;
			sourceTree = "<group>";
		};
		1D84EFF02A1E51C500742048 /* Exercise_4 */ = {
			isa = PBXGroup;
			children = (
				1D7D761A2A1E570200D5B12E /* Exercise4Main.swift */,
				1D7D761C2A1E572D00D5B12E /* JackTokenizer.swift */,
				1D7D761E2A1E575200D5B12E /* CompilationEngine.swift */,
				1D7D76202A1E579100D5B12E /* JackAnalyzer.swift */,
			);
			path = Exercise_4;
			sourceTree = "<group>";
		};
/* End PBXGroup section */

/* Begin PBXNativeTarget section */
		1D84EFE42A1E517400742048 /* Exercises */ = {
			isa = PBXNativeTarget;
			buildConfigurationList = 1D84EFEC2A1E517400742048 /* Build configuration list for PBXNativeTarget "Exercises" */;
			buildPhases = (
				1D84EFE12A1E517400742048 /* Sources */,
				1D84EFE22A1E517400742048 /* Frameworks */,
				1D84EFE32A1E517400742048 /* CopyFiles */,
			);
			buildRules = (
			);
			dependencies = (
			);
			name = Exercises;
			productName = Exercises;
			productReference = 1D84EFE52A1E517400742048 /* Exercises */;
			productType = "com.apple.product-type.tool";
		};
/* End PBXNativeTarget section */

/* Begin PBXProject section */
		1D84EFDD2A1E517400742048 /* Project object */ = {
			isa = PBXProject;
			attributes = {
				BuildIndependentTargetsInParallel = 1;
				LastSwiftUpdateCheck = 1420;
				LastUpgradeCheck = 1420;
				TargetAttributes = {
					1D84EFE42A1E517400742048 = {
						CreatedOnToolsVersion = 14.2;
					};
				};
			};
			buildConfigurationList = 1D84EFE02A1E517400742048 /* Build configuration list for PBXProject "Exercises" */;
			compatibilityVersion = "Xcode 14.0";
			developmentRegion = en;
			hasScannedForEncodings = 0;
			knownRegions = (
				en,
				Base,
			);
			mainGroup = 1D84EFDC2A1E517400742048;
			productRefGroup = 1D84EFE62A1E517400742048 /* Products */;
			projectDirPath = "";
			projectRoot = "";
			targets = (
				1D84EFE42A1E517400742048 /* Exercises */,
			);
		};
/* End PBXProject section */

/* Begin PBXSourcesBuildPhase section */
		1D84EFE12A1E517400742048 /* Sources */ = {
			isa = PBXSourcesBuildPhase;
			buildActionMask = 2147483647;
			files = (
				1D84EFF62A1E524600742048 /* FileException.swift in Sources */,
				1D7D761B2A1E570200D5B12E /* Exercise4Main.swift in Sources */,
				1D7D76212A1E579100D5B12E /* JackAnalyzer.swift in Sources */,
				1D84EFE92A1E517400742048 /* main.swift in Sources */,
				1D7D761D2A1E572D00D5B12E /* JackTokenizer.swift in Sources */,
				1D84EFF82A1E524600742048 /* Parser.swift in Sources */,
				1D84EFF72A1E524600742048 /* Exercise1Main.swift in Sources */,
				1D84EFF52A1E524600742048 /* CodeWriter.swift in Sources */,
				1D7D761F2A1E575200D5B12E /* CompilationEngine.swift in Sources */,
			);
			runOnlyForDeploymentPostprocessing = 0;
		};
/* End PBXSourcesBuildPhase section */

/* Begin XCBuildConfiguration section */
		1D84EFEA2A1E517400742048 /* Debug */ = {
			isa = XCBuildConfiguration;
			buildSettings = {
				ALWAYS_SEARCH_USER_PATHS = NO;
				CLANG_ANALYZER_NONNULL = YES;
				CLANG_ANALYZER_NUMBER_OBJECT_CONVERSION = YES_AGGRESSIVE;
				CLANG_CXX_LANGUAGE_STANDARD = "gnu++20";
				CLANG_ENABLE_MODULES = YES;
				CLANG_ENABLE_OBJC_ARC = YES;
				CLANG_ENABLE_OBJC_WEAK = YES;
				CLANG_WARN_BLOCK_CAPTURE_AUTORELEASING = YES;
				CLANG_WARN_BOOL_CONVERSION = YES;
				CLANG_WARN_COMMA = YES;
				CLANG_WARN_CONSTANT_CONVERSION = YES;
				CLANG_WARN_DEPRECATED_OBJC_IMPLEMENTATIONS = YES;
				CLANG_WARN_DIRECT_OBJC_ISA_USAGE = YES_ERROR;
				CLANG_WARN_DOCUMENTATION_COMMENTS = YES;
				CLANG_WARN_EMPTY_BODY = YES;
				CLANG_WARN_ENUM_CONVERSION = YES;
				CLANG_WARN_INFINITE_RECURSION = YES;
				CLANG_WARN_INT_CONVERSION = YES;
				CLANG_WARN_NON_LITERAL_NULL_CONVERSION = YES;
				CLANG_WARN_OBJC_IMPLICIT_RETAIN_SELF = YES;
				CLANG_WARN_OBJC_LITERAL_CONVERSION = YES;
				CLANG_WARN_OBJC_ROOT_CLASS = YES_ERROR;
				CLANG_WARN_QUOTED_INCLUDE_IN_FRAMEWORK_HEADER = YES;
				CLANG_WARN_RANGE_LOOP_ANALYSIS = YES;
				CLANG_WARN_STRICT_PROTOTYPES = YES;
				CLANG_WARN_SUSPICIOUS_MOVE = YES;
				CLANG_WARN_UNGUARDED_AVAILABILITY = YES_AGGRESSIVE;
				CLANG_WARN_UNREACHABLE_CODE = YES;
				CLANG_WARN__DUPLICATE_METHOD_MATCH = YES;
				COPY_PHASE_STRIP = NO;
				DEBUG_INFORMATION_FORMAT = dwarf;
				ENABLE_STRICT_OBJC_MSGSEND = YES;
				ENABLE_TESTABILITY = YES;
				GCC_C_LANGUAGE_STANDARD = gnu11;
				GCC_DYNAMIC_NO_PIC = NO;
				GCC_NO_COMMON_BLOCKS = YES;
				GCC_OPTIMIZATION_LEVEL = 0;
				GCC_PREPROCESSOR_DEFINITIONS = (
					"DEBUG=1",
					"$(inherited)",
				);
				GCC_WARN_64_TO_32_BIT_CONVERSION = YES;
				GCC_WARN_ABOUT_RETURN_TYPE = YES_ERROR;
				GCC_WARN_UNDECLARED_SELECTOR = YES;
				GCC_WARN_UNINITIALIZED_AUTOS = YES_AGGRESSIVE;
				GCC_WARN_UNUSED_FUNCTION = YES;
				GCC_WARN_UNUSED_VARIABLE = YES;
				MACOSX_DEPLOYMENT_TARGET = 13.0;
				MTL_ENABLE_DEBUG_INFO = INCLUDE_SOURCE;
				MTL_FAST_MATH = YES;
				ONLY_ACTIVE_ARCH = YES;
				SDKROOT = macosx;
				SWIFT_ACTIVE_COMPILATION_CONDITIONS = DEBUG;
				SWIFT_OPTIMIZATION_LEVEL = "-Onone";
			};
			name = Debug;
		};
		1D84EFEB2A1E517400742048 /* Release */ = {
			isa = XCBuildConfiguration;
			buildSettings = {
				ALWAYS_SEARCH_USER_PATHS = NO;
				CLANG_ANALYZER_NONNULL = YES;
				CLANG_ANALYZER_NUMBER_OBJECT_CONVERSION = YES_AGGRESSIVE;
				CLANG_CXX_LANGUAGE_STANDARD = "gnu++20";
				CLANG_ENABLE_MODULES = YES;
				CLANG_ENABLE_OBJC_ARC = YES;
				CLANG_ENABLE_OBJC_WEAK = YES;
				CLANG_WARN_BLOCK_CAPTURE_AUTORELEASING = YES;
				CLANG_WARN_BOOL_CONVERSION = YES;
				CLANG_WARN_COMMA = YES;
				CLANG_WARN_CONSTANT_CONVERSION = YES;
				CLANG_WARN_DEPRECATED_OBJC_IMPLEMENTATIONS = YES;
				CLANG_WARN_DIRECT_OBJC_ISA_USAGE = YES_ERROR;
				CLANG_WARN_DOCUMENTATION_COMMENTS = YES;
				CLANG_WARN_EMPTY_BODY = YES;
				CLANG_WARN_ENUM_CONVERSION = YES;
				CLANG_WARN_INFINITE_RECURSION = YES;
				CLANG_WARN_INT_CONVERSION = YES;
				CLANG_WARN_NON_LITERAL_NULL_CONVERSION = YES;
				CLANG_WARN_OBJC_IMPLICIT_RETAIN_SELF = YES;
				CLANG_WARN_OBJC_LITERAL_CONVERSION = YES;
				CLANG_WARN_OBJC_ROOT_CLASS = YES_ERROR;
				CLANG_WARN_QUOTED_INCLUDE_IN_FRAMEWORK_HEADER = YES;
				CLANG_WARN_RANGE_LOOP_ANALYSIS = YES;
				CLANG_WARN_STRICT_PROTOTYPES = YES;
				CLANG_WARN_SUSPICIOUS_MOVE = YES;
				CLANG_WARN_UNGUARDED_AVAILABILITY = YES_AGGRESSIVE;
				CLANG_WARN_UNREACHABLE_CODE = YES;
				CLANG_WARN__DUPLICATE_METHOD_MATCH = YES;
				COPY_PHASE_STRIP = NO;
				DEBUG_INFORMATION_FORMAT = "dwarf-with-dsym";
				ENABLE_NS_ASSERTIONS = NO;
				ENABLE_STRICT_OBJC_MSGSEND = YES;
				GCC_C_LANGUAGE_STANDARD = gnu11;
				GCC_NO_COMMON_BLOCKS = YES;
				GCC_WARN_64_TO_32_BIT_CONVERSION = YES;
				GCC_WARN_ABOUT_RETURN_TYPE = YES_ERROR;
				GCC_WARN_UNDECLARED_SELECTOR = YES;
				GCC_WARN_UNINITIALIZED_AUTOS = YES_AGGRESSIVE;
				GCC_WARN_UNUSED_FUNCTION = YES;
				GCC_WARN_UNUSED_VARIABLE = YES;
				MACOSX_DEPLOYMENT_TARGET = 13.0;
				MTL_ENABLE_DEBUG_INFO = NO;
				MTL_FAST_MATH = YES;
				SDKROOT = macosx;
				SWIFT_COMPILATION_MODE = wholemodule;
				SWIFT_OPTIMIZATION_LEVEL = "-O";
			};
			name = Release;
		};
		1D84EFED2A1E517400742048 /* Debug */ = {
			isa = XCBuildConfiguration;
			buildSettings = {
				CODE_SIGN_STYLE = Automatic;
				DEVELOPMENT_TEAM = 52QU5F45M7;
				ENABLE_HARDENED_RUNTIME = YES;
				PRODUCT_NAME = "$(TARGET_NAME)";
				SWIFT_VERSION = 5.0;
			};
			name = Debug;
		};
		1D84EFEE2A1E517400742048 /* Release */ = {
			isa = XCBuildConfiguration;
			buildSettings = {
				CODE_SIGN_STYLE = Automatic;
				DEVELOPMENT_TEAM = 52QU5F45M7;
				ENABLE_HARDENED_RUNTIME = YES;
				PRODUCT_NAME = "$(TARGET_NAME)";
				SWIFT_VERSION = 5.0;
			};
			name = Release;
		};
/* End XCBuildConfiguration section */

/* Begin XCConfigurationList section */
		1D84EFE02A1E517400742048 /* Build configuration list for PBXProject "Exercises" */ = {
			isa = XCConfigurationList;
			buildConfigurations = (
				1D84EFEA2A1E517400742048 /* Debug */,
				1D84EFEB2A1E517400742048 /* Release */,
			);
			defaultConfigurationIsVisible = 0;
			defaultConfigurationName = Release;
		};
		1D84EFEC2A1E517400742048 /* Build configuration list for PBXNativeTarget "Exercises" */ = {
			isa = XCConfigurationList;
			buildConfigurations = (
				1D84EFED2A1E517400742048 /* Debug */,
				1D84EFEE2A1E517400742048 /* Release */,
			);
			defaultConfigurationIsVisible = 0;
			defaultConfigurationName = Release;
		};
/* End XCConfigurationList section */
	};
	rootObject = 1D84EFDD2A1E517400742048 /* Project object */;
}
